
Microsoft Visual Studio Solution File, Format Version 12.00
# Visual Studio Version 17
VisualStudioVersion = 17.0.32126.317
MinimumVisualStudioVersion = 10.0.40219.1
Project("{FAE04EC0-301F-11D3-BF4B-00C04F79EFBC}") = "Baikt1", "Baikt1\Baikt1.csproj", "{03944891-1A5B-4334-9F9F-887B4783AB4A}"
EndProject
Project("{2150E333-8FDC-42A3-9474-1A3956D46DE8}") = "Solution Items", "Solution Items", "{99FB19AD-1B8B-4156-B437-072608D61DC8}"
	ProjectSection(SolutionItems) = preProject
		Nhanvien.txt = Nhanvien.txt
	EndProjectSection
EndProject
Global
	GlobalSection(SolutionConfigurationPlatforms) = preSolution
		Debug|Any CPU = Debug|Any CPU
		Release|Any CPU = Release|Any CPU
	EndGlobalSection
	GlobalSection(ProjectConfigurationPlatforms) = postSolution
		{03944891-1A5B-4334-9F9F-887B4783AB4A}.Debug|Any CPU.ActiveCfg = Debug|Any CPU
		{03944891-1A5B-4334-9F9F-887B4783AB4A}.Debug|Any CPU.Build.0 = Debug|Any CPU
		{03944891-1A5B-4334-9F9F-887B4783AB4A}.Release|Any CPU.ActiveCfg = Release|Any CPU
		{03944891-1A5B-4334-9F9F-887B4783AB4A}.Release|Any CPU.Build.0 = Release|Any CPU
	EndGlobalSection
	GlobalSection(SolutionProperties) = preSolution
		HideSolutionNode = FALSE
	EndGlobalSection
	GlobalSection(ExtensibilityGlobals) = postSolution
		SolutionGuid = {43DBB6A6-209F-476C-8380-BEBC029BD647}
	EndGlobalSection
EndGlobal
